
Microsoft Visual Studio Solution File, Format Version 12.00
# Visual Studio Version 17
VisualStudioVersion = 17.8.34330.188
MinimumVisualStudioVersion = 10.0.40219.1
Project("{9A19103F-16F7-4668-BE54-9A1E7A4F7556}") = "ExchangeServer", "ExchangeServer\ExchangeServer.csproj", "{4E6430F9-8858-43F5-9311-08FD52A4B89E}"
EndProject
Project("{E53339B2-1760-4266-BCC7-CA923CBCF16C}") = "docker-compose", "docker-compose.dcproj", "{D2497A41-9408-4D03-AC70-69BDD10F4A78}"
EndProject
Global
	GlobalSection(SolutionConfigurationPlatforms) = preSolution
		Debug|Any CPU = Debug|Any CPU
		Release|Any CPU = Release|Any CPU
	EndGlobalSection
	GlobalSection(ProjectConfigurationPlatforms) = postSolution
		{4E6430F9-8858-43F5-9311-08FD52A4B89E}.Debug|Any CPU.ActiveCfg = Debug|Any CPU
		{4E6430F9-8858-43F5-9311-08FD52A4B89E}.Debug|Any CPU.Build.0 = Debug|Any CPU
		{4E6430F9-8858-43F5-9311-08FD52A4B89E}.Release|Any CPU.ActiveCfg = Release|Any CPU
		{4E6430F9-8858-43F5-9311-08FD52A4B89E}.Release|Any CPU.Build.0 = Release|Any CPU
		{D2497A41-9408-4D03-AC70-69BDD10F4A78}.Debug|Any CPU.ActiveCfg = Debug|Any CPU
		{D2497A41-9408-4D03-AC70-69BDD10F4A78}.Debug|Any CPU.Build.0 = Debug|Any CPU
		{D2497A41-9408-4D03-AC70-69BDD10F4A78}.Release|Any CPU.ActiveCfg = Release|Any CPU
		{D2497A41-9408-4D03-AC70-69BDD10F4A78}.Release|Any CPU.Build.0 = Release|Any CPU
	EndGlobalSection
	GlobalSection(SolutionProperties) = preSolution
		HideSolutionNode = FALSE
	EndGlobalSection
	GlobalSection(ExtensibilityGlobals) = postSolution
		SolutionGuid = {006BBBF5-AC01-4CBC-B95C-0DA1A2B4C6C0}
	EndGlobalSection
EndGlobal
